
Microsoft Visual Studio Solution File, Format Version 12.00
# Visual Studio 15
VisualStudioVersion = 15.0.28307.1401
MinimumVisualStudioVersion = 10.0.40219.1
Project("{FAE04EC0-301F-11D3-BF4B-00C04F79EFBC}") = "ApiGateWay", "ApiGateWay\ApiGateWay.csproj", "{E6B94C01-63FD-4EC6-87D2-A6EF5999DCDA}"
EndProject
Global
	GlobalSection(SolutionConfigurationPlatforms) = preSolution
		Debug|Any CPU = Debug|Any CPU
		Release|Any CPU = Release|Any CPU
	EndGlobalSection
	GlobalSection(ProjectConfigurationPlatforms) = postSolution
		{E6B94C01-63FD-4EC6-87D2-A6EF5999DCDA}.Debug|Any CPU.ActiveCfg = Debug|Any CPU
		{E6B94C01-63FD-4EC6-87D2-A6EF5999DCDA}.Debug|Any CPU.Build.0 = Debug|Any CPU
		{E6B94C01-63FD-4EC6-87D2-A6EF5999DCDA}.Release|Any CPU.ActiveCfg = Release|Any CPU
		{E6B94C01-63FD-4EC6-87D2-A6EF5999DCDA}.Release|Any CPU.Build.0 = Release|Any CPU
	EndGlobalSection
	GlobalSection(SolutionProperties) = preSolution
		HideSolutionNode = FALSE
	EndGlobalSection
	GlobalSection(ExtensibilityGlobals) = postSolution
		SolutionGuid = {19B98FF8-93EE-40A2-A73D-1870B80CA8DF}
	EndGlobalSection
EndGlobal
