
Microsoft Visual Studio Solution File, Format Version 12.00
# Visual Studio 15
VisualStudioVersion = 15.0.28307.1401
MinimumVisualStudioVersion = 10.0.40219.1
Project("{FAE04EC0-301F-11D3-BF4B-00C04F79EFBC}") = "RabbbitMQProducer", "RabbbitMQProducer\RabbbitMQProducer.csproj", "{EE33ABED-2C28-4C3D-BC80-13B0BAA2CE28}"
EndProject
Project("{FAE04EC0-301F-11D3-BF4B-00C04F79EFBC}") = "RabbitMQProduce", "RabbitMQProduce\RabbitMQProduce.csproj", "{340CBA77-64D1-4618-9C6A-7C3C5793EE15}"
EndProject
Project("{FAE04EC0-301F-11D3-BF4B-00C04F79EFBC}") = "RabbbitMQReciever", "RabbbitMQReciever\RabbbitMQReciever.csproj", "{C567FB19-2A6E-4668-8338-8962694BD68A}"
EndProject
Global
	GlobalSection(SolutionConfigurationPlatforms) = preSolution
		Debug|Any CPU = Debug|Any CPU
		Release|Any CPU = Release|Any CPU
	EndGlobalSection
	GlobalSection(ProjectConfigurationPlatforms) = postSolution
		{EE33ABED-2C28-4C3D-BC80-13B0BAA2CE28}.Debug|Any CPU.ActiveCfg = Debug|Any CPU
		{EE33ABED-2C28-4C3D-BC80-13B0BAA2CE28}.Debug|Any CPU.Build.0 = Debug|Any CPU
		{EE33ABED-2C28-4C3D-BC80-13B0BAA2CE28}.Release|Any CPU.ActiveCfg = Release|Any CPU
		{EE33ABED-2C28-4C3D-BC80-13B0BAA2CE28}.Release|Any CPU.Build.0 = Release|Any CPU
		{340CBA77-64D1-4618-9C6A-7C3C5793EE15}.Debug|Any CPU.ActiveCfg = Debug|Any CPU
		{340CBA77-64D1-4618-9C6A-7C3C5793EE15}.Debug|Any CPU.Build.0 = Debug|Any CPU
		{340CBA77-64D1-4618-9C6A-7C3C5793EE15}.Release|Any CPU.ActiveCfg = Release|Any CPU
		{340CBA77-64D1-4618-9C6A-7C3C5793EE15}.Release|Any CPU.Build.0 = Release|Any CPU
		{C567FB19-2A6E-4668-8338-8962694BD68A}.Debug|Any CPU.ActiveCfg = Debug|Any CPU
		{C567FB19-2A6E-4668-8338-8962694BD68A}.Debug|Any CPU.Build.0 = Debug|Any CPU
		{C567FB19-2A6E-4668-8338-8962694BD68A}.Release|Any CPU.ActiveCfg = Release|Any CPU
		{C567FB19-2A6E-4668-8338-8962694BD68A}.Release|Any CPU.Build.0 = Release|Any CPU
	EndGlobalSection
	GlobalSection(SolutionProperties) = preSolution
		HideSolutionNode = FALSE
	EndGlobalSection
	GlobalSection(ExtensibilityGlobals) = postSolution
		SolutionGuid = {F94207F5-F94A-4F68-A379-C0207AF80FFF}
	EndGlobalSection
EndGlobal
