
Microsoft Visual Studio Solution File, Format Version 12.00
# Visual Studio 15
VisualStudioVersion = 15.0.28307.1401
MinimumVisualStudioVersion = 10.0.40219.1
Project("{FAE04EC0-301F-11D3-BF4B-00C04F79EFBC}") = "IdentityService", "IdentityService\IdentityService.csproj", "{D6D617D2-93E2-486A-984A-B61DBC2B2DBB}"
EndProject
Global
	GlobalSection(SolutionConfigurationPlatforms) = preSolution
		Debug|Any CPU = Debug|Any CPU
		Release|Any CPU = Release|Any CPU
	EndGlobalSection
	GlobalSection(ProjectConfigurationPlatforms) = postSolution
		{D6D617D2-93E2-486A-984A-B61DBC2B2DBB}.Debug|Any CPU.ActiveCfg = Debug|Any CPU
		{D6D617D2-93E2-486A-984A-B61DBC2B2DBB}.Debug|Any CPU.Build.0 = Debug|Any CPU
		{D6D617D2-93E2-486A-984A-B61DBC2B2DBB}.Release|Any CPU.ActiveCfg = Release|Any CPU
		{D6D617D2-93E2-486A-984A-B61DBC2B2DBB}.Release|Any CPU.Build.0 = Release|Any CPU
	EndGlobalSection
	GlobalSection(SolutionProperties) = preSolution
		HideSolutionNode = FALSE
	EndGlobalSection
	GlobalSection(ExtensibilityGlobals) = postSolution
		SolutionGuid = {28F22C4F-1BE5-4AD0-9405-9F970F07C5A3}
	EndGlobalSection
EndGlobal
